
Microsoft Visual Studio Solution File, Format Version 12.00
# Visual Studio Version 16
VisualStudioVersion = 16.0.29001.49
MinimumVisualStudioVersion = 10.0.40219.1
Project("{FAE04EC0-301F-11D3-BF4B-00C04F79EFBC}") = "FinalWebApi", "FinalWebApi\FinalWebApi.csproj", "{CE8FA1FA-035E-4B88-BF81-AF75C5114ED1}"
EndProject
Global
	GlobalSection(SolutionConfigurationPlatforms) = preSolution
		Debug|Any CPU = Debug|Any CPU
		Release|Any CPU = Release|Any CPU
	EndGlobalSection
	GlobalSection(ProjectConfigurationPlatforms) = postSolution
		{CE8FA1FA-035E-4B88-BF81-AF75C5114ED1}.Debug|Any CPU.ActiveCfg = Debug|Any CPU
		{CE8FA1FA-035E-4B88-BF81-AF75C5114ED1}.Debug|Any CPU.Build.0 = Debug|Any CPU
		{CE8FA1FA-035E-4B88-BF81-AF75C5114ED1}.Release|Any CPU.ActiveCfg = Release|Any CPU
		{CE8FA1FA-035E-4B88-BF81-AF75C5114ED1}.Release|Any CPU.Build.0 = Release|Any CPU
	EndGlobalSection
	GlobalSection(SolutionProperties) = preSolution
		HideSolutionNode = FALSE
	EndGlobalSection
	GlobalSection(ExtensibilityGlobals) = postSolution
		SolutionGuid = {9412876F-8437-468C-A3D7-B9B5AD9ACFF5}
	EndGlobalSection
EndGlobal
